
Microsoft Visual Studio Solution File, Format Version 12.00
# Visual Studio Version 17
VisualStudioVersion = 17.4.33213.308
MinimumVisualStudioVersion = 10.0.40219.1
Project("{9A19103F-16F7-4668-BE54-9A1E7A4F7556}") = "DemoWebApp", "DemoWebApp.csproj", "{C9605443-9D52-476F-84A2-F52A15F99557}"
EndProject
Global
	GlobalSection(SolutionConfigurationPlatforms) = preSolution
		Debug|Any CPU = Debug|Any CPU
		Release|Any CPU = Release|Any CPU
	EndGlobalSection
	GlobalSection(ProjectConfigurationPlatforms) = postSolution
		{C9605443-9D52-476F-84A2-F52A15F99557}.Debug|Any CPU.ActiveCfg = Debug|Any CPU
		{C9605443-9D52-476F-84A2-F52A15F99557}.Debug|Any CPU.Build.0 = Debug|Any CPU
		{C9605443-9D52-476F-84A2-F52A15F99557}.Release|Any CPU.ActiveCfg = Release|Any CPU
		{C9605443-9D52-476F-84A2-F52A15F99557}.Release|Any CPU.Build.0 = Release|Any CPU
	EndGlobalSection
	GlobalSection(SolutionProperties) = preSolution
		HideSolutionNode = FALSE
	EndGlobalSection
	GlobalSection(ExtensibilityGlobals) = postSolution
		SolutionGuid = {6A4EC806-12A7-45EC-BE52-426DC907671B}
	EndGlobalSection
EndGlobal
